
Microsoft Visual Studio Solution File, Format Version 12.00
# Visual Studio Version 17
VisualStudioVersion = 17.9.34714.143
MinimumVisualStudioVersion = 10.0.40219.1
Project("{9A19103F-16F7-4668-BE54-9A1E7A4F7556}") = "RealEstateApi", "RealEstateApi.csproj", "{F5AB806E-1A3D-49B2-856F-7C88D43460DD}"
EndProject
Global
	GlobalSection(SolutionConfigurationPlatforms) = preSolution
		Debug|Any CPU = Debug|Any CPU
		Release|Any CPU = Release|Any CPU
	EndGlobalSection
	GlobalSection(ProjectConfigurationPlatforms) = postSolution
		{F5AB806E-1A3D-49B2-856F-7C88D43460DD}.Debug|Any CPU.ActiveCfg = Debug|Any CPU
		{F5AB806E-1A3D-49B2-856F-7C88D43460DD}.Debug|Any CPU.Build.0 = Debug|Any CPU
		{F5AB806E-1A3D-49B2-856F-7C88D43460DD}.Release|Any CPU.ActiveCfg = Release|Any CPU
		{F5AB806E-1A3D-49B2-856F-7C88D43460DD}.Release|Any CPU.Build.0 = Release|Any CPU
	EndGlobalSection
	GlobalSection(SolutionProperties) = preSolution
		HideSolutionNode = FALSE
	EndGlobalSection
	GlobalSection(ExtensibilityGlobals) = postSolution
		SolutionGuid = {949A8F68-C6AB-4EAD-B755-6CB0D75D631A}
	EndGlobalSection
EndGlobal
